
Microsoft Visual Studio Solution File, Format Version 12.00
# Visual Studio Version 16
VisualStudioVersion = 16.0.31205.134
MinimumVisualStudioVersion = 10.0.40219.1
Project("{9A19103F-16F7-4668-BE54-9A1E7A4F7556}") = "Week6.PrimoProgettoEF", "Week6.PrimoProgettoEF\Week6.PrimoProgettoEF.csproj", "{427699B7-7259-4C69-8F4F-8DE07DBAFDD9}"
EndProject
Project("{9A19103F-16F7-4668-BE54-9A1E7A4F7556}") = "Week6.BlogsDataAnnotation", "Week6.BlogsDataAnnotation\Week6.BlogsDataAnnotation.csproj", "{F45D40DD-8BDB-4833-8B1C-E7B2E0CBFCEC}"
EndProject
Project("{9A19103F-16F7-4668-BE54-9A1E7A4F7556}") = "Week6.GestioneAutomobili", "Week6.GestioneAutomobili\Week6.GestioneAutomobili.csproj", "{F72DC747-08B5-4F85-8EF5-3DA16E181D7D}"
EndProject
Project("{9A19103F-16F7-4668-BE54-9A1E7A4F7556}") = "Week6.AgenziaViaggiEF", "Week6.AgenziaViaggiEF\Week6.AgenziaViaggiEF.csproj", "{5CB8D642-BB21-4625-8AC5-4D7441A764AE}"
EndProject
Project("{FAE04EC0-301F-11D3-BF4B-00C04F79EFBC}") = "Week6.SupermercatoEF", "Week6.SupermercatoEF\Week6.SupermercatoEF.csproj", "{6A2C74E7-8255-4C7D-8513-2C28DC25728D}"
EndProject
Global
	GlobalSection(SolutionConfigurationPlatforms) = preSolution
		Debug|Any CPU = Debug|Any CPU
		Release|Any CPU = Release|Any CPU
	EndGlobalSection
	GlobalSection(ProjectConfigurationPlatforms) = postSolution
		{427699B7-7259-4C69-8F4F-8DE07DBAFDD9}.Debug|Any CPU.ActiveCfg = Debug|Any CPU
		{427699B7-7259-4C69-8F4F-8DE07DBAFDD9}.Debug|Any CPU.Build.0 = Debug|Any CPU
		{427699B7-7259-4C69-8F4F-8DE07DBAFDD9}.Release|Any CPU.ActiveCfg = Release|Any CPU
		{427699B7-7259-4C69-8F4F-8DE07DBAFDD9}.Release|Any CPU.Build.0 = Release|Any CPU
		{F45D40DD-8BDB-4833-8B1C-E7B2E0CBFCEC}.Debug|Any CPU.ActiveCfg = Debug|Any CPU
		{F45D40DD-8BDB-4833-8B1C-E7B2E0CBFCEC}.Debug|Any CPU.Build.0 = Debug|Any CPU
		{F45D40DD-8BDB-4833-8B1C-E7B2E0CBFCEC}.Release|Any CPU.ActiveCfg = Release|Any CPU
		{F45D40DD-8BDB-4833-8B1C-E7B2E0CBFCEC}.Release|Any CPU.Build.0 = Release|Any CPU
		{F72DC747-08B5-4F85-8EF5-3DA16E181D7D}.Debug|Any CPU.ActiveCfg = Debug|Any CPU
		{F72DC747-08B5-4F85-8EF5-3DA16E181D7D}.Debug|Any CPU.Build.0 = Debug|Any CPU
		{F72DC747-08B5-4F85-8EF5-3DA16E181D7D}.Release|Any CPU.ActiveCfg = Release|Any CPU
		{F72DC747-08B5-4F85-8EF5-3DA16E181D7D}.Release|Any CPU.Build.0 = Release|Any CPU
		{5CB8D642-BB21-4625-8AC5-4D7441A764AE}.Debug|Any CPU.ActiveCfg = Debug|Any CPU
		{5CB8D642-BB21-4625-8AC5-4D7441A764AE}.Debug|Any CPU.Build.0 = Debug|Any CPU
		{5CB8D642-BB21-4625-8AC5-4D7441A764AE}.Release|Any CPU.ActiveCfg = Release|Any CPU
		{5CB8D642-BB21-4625-8AC5-4D7441A764AE}.Release|Any CPU.Build.0 = Release|Any CPU
		{6A2C74E7-8255-4C7D-8513-2C28DC25728D}.Debug|Any CPU.ActiveCfg = Debug|Any CPU
		{6A2C74E7-8255-4C7D-8513-2C28DC25728D}.Debug|Any CPU.Build.0 = Debug|Any CPU
		{6A2C74E7-8255-4C7D-8513-2C28DC25728D}.Release|Any CPU.ActiveCfg = Release|Any CPU
		{6A2C74E7-8255-4C7D-8513-2C28DC25728D}.Release|Any CPU.Build.0 = Release|Any CPU
	EndGlobalSection
	GlobalSection(SolutionProperties) = preSolution
		HideSolutionNode = FALSE
	EndGlobalSection
	GlobalSection(ExtensibilityGlobals) = postSolution
		SolutionGuid = {9CF2A7E1-EA12-40A0-AB44-03EF961CA095}
	EndGlobalSection
EndGlobal
